{
  "requires": true,
  "lockfileVersion": 1,
  "dependencies": {
    "@types/jest": {
      "version": "23.3.9",
      "resolved": "https://registry.npmjs.org/@types/jest/-/jest-23.3.9.tgz",
      "integrity": "sha512-wNMwXSUcwyYajtbayfPp55tSayuDVU6PfY5gzvRSj80UvxdXEJOVPnUVajaOp7NgXLm+1e2ZDLULmpsU9vDvQw=="
    },
    "@types/mocha": {
      "version": "5.2.5",
      "resolved": "https://registry.npmjs.org/@types/mocha/-/mocha-5.2.5.tgz",
      "integrity": "sha512-lAVp+Kj54ui/vLUFxsJTMtWvZraZxum3w3Nwkble2dNuV5VnPA+Mi2oGX9XYJAaIvZi3tn3cbjS/qcJXRb6Bww=="
    }
  }
}
